{
  "nodes": {
    "nixCats": {
      "locked": {
        "lastModified": 1733575662,
        "narHash": "sha256-kU7utHrn7FpOWflW5z+YCEFySs4ZKFoING9DBN1jMt8=",
        "owner": "BirdeeHub",
        "repo": "nixCats-nvim",
        "rev": "c1507cc417534ea657b03fcdb6859abe6a00c8d5",
        "type": "github"
      },
      "original": {
        "owner": "BirdeeHub",
        "repo": "nixCats-nvim",
        "type": "github"
      }
    },
    "nixpkgs": {
      "locked": {
        "lastModified": 1734126203,
        "narHash": "sha256-0XovF7BYP50rTD2v4r55tR5MuBLet7q4xIz6Rgh3BBU=",
        "owner": "nixos",
        "repo": "nixpkgs",
        "rev": "71a6392e367b08525ee710a93af2e80083b5b3e2",
        "type": "github"
      },
      "original": {
        "owner": "nixos",
        "ref": "nixpkgs-unstable",
        "repo": "nixpkgs",
        "type": "github"
      }
    },
    "root": {
      "inputs": {
        "nixCats": "nixCats",
        "nixpkgs": "nixpkgs"
      }
    }
  },
  "root": "root",
  "version": 7
}
