{
  "nodes": {
    "nixCats": {
      "locked": {
        "lastModified": 1733575662,
        "narHash": "sha256-kU7utHrn7FpOWflW5z+YCEFySs4ZKFoING9DBN1jMt8=",
        "owner": "BirdeeHub",
        "repo": "nixCats-nvim",
        "rev": "c1507cc417534ea657b03fcdb6859abe6a00c8d5",
        "type": "github"
      },
      "original": {
        "owner": "BirdeeHub",
        "repo": "nixCats-nvim",
        "type": "github"
      }
    },
    "nixpkgs": {
      "locked": {
        "lastModified": 1733749988,
        "narHash": "sha256-+5qdtgXceqhK5ZR1YbP1fAUsweBIrhL38726oIEAtDs=",
        "owner": "nixos",
        "repo": "nixpkgs",
        "rev": "bc27f0fde01ce4e1bfec1ab122d72b7380278e68",
        "type": "github"
      },
      "original": {
        "owner": "nixos",
        "ref": "nixpkgs-unstable",
        "repo": "nixpkgs",
        "type": "github"
      }
    },
    "root": {
      "inputs": {
        "nixCats": "nixCats",
        "nixpkgs": "nixpkgs"
      }
    }
  },
  "root": "root",
  "version": 7
}
