{
  "nodes": {
    "nixCats": {
      "locked": {
        "lastModified": 1732363037,
        "narHash": "sha256-LZtuAi5enZTxrQZN/USy2Ru+IddJTnFWVDgmyVfjCBk=",
        "owner": "BirdeeHub",
        "repo": "nixCats-nvim",
        "rev": "dfe50363ab557f7112be95386ff756def106e76f",
        "type": "github"
      },
      "original": {
        "owner": "BirdeeHub",
        "repo": "nixCats-nvim",
        "type": "github"
      }
    },
    "nixpkgs": {
      "locked": {
        "lastModified": 1731890469,
        "narHash": "sha256-D1FNZ70NmQEwNxpSSdTXCSklBH1z2isPR84J6DQrJGs=",
        "owner": "nixos",
        "repo": "nixpkgs",
        "rev": "5083ec887760adfe12af64830a66807423a859a7",
        "type": "github"
      },
      "original": {
        "owner": "nixos",
        "ref": "nixpkgs-unstable",
        "repo": "nixpkgs",
        "type": "github"
      }
    },
    "root": {
      "inputs": {
        "nixCats": "nixCats",
        "nixpkgs": "nixpkgs"
      }
    }
  },
  "root": "root",
  "version": 7
}
